// !$*UTF8*$!
{
	archiveVersion = 1;
	classes = {
	};
	objectVersion = 55;
	objects = {

/* Begin PBXBuildFile section */
		A700F6332876EAA200BAD18F /* AppGroup.swift in Sources */ = {isa = PBXBuildFile; fileRef = A700F6322876EAA200BAD18F /* AppGroup.swift */; };
		A71ED43E28738B9D00EE1D9A /* BaseListController.swift in Sources */ = {isa = PBXBuildFile; fileRef = A71ED43D28738B9D00EE1D9A /* BaseListController.swift */; };
		A73631E3286C31AD0048511F /* AppsPageController.swift in Sources */ = {isa = PBXBuildFile; fileRef = A73631E2286C31AD0048511F /* AppsPageController.swift */; };
		A73631E7286C31EA0048511F /* AppsGroupCell.swift in Sources */ = {isa = PBXBuildFile; fileRef = A73631E6286C31EA0048511F /* AppsGroupCell.swift */; };
		A7B719792866182400F8BB55 /* UIView+Layout.swift in Sources */ = {isa = PBXBuildFile; fileRef = A7B719782866182400F8BB55 /* UIView+Layout.swift */; };
		A7B7197B2866440400F8BB55 /* VerticalStackView.swift in Sources */ = {isa = PBXBuildFile; fileRef = A7B7197A2866440400F8BB55 /* VerticalStackView.swift */; };
		A7B7197D286648DF00F8BB55 /* HorizontalStackView.swift in Sources */ = {isa = PBXBuildFile; fileRef = A7B7197C286648DF00F8BB55 /* HorizontalStackView.swift */; };
		A7B719802866F8BE00F8BB55 /* SearchResult.swift in Sources */ = {isa = PBXBuildFile; fileRef = A7B7197F2866F8BE00F8BB55 /* SearchResult.swift */; };
		A7B719832866FA2800F8BB55 /* NetworkManager.swift in Sources */ = {isa = PBXBuildFile; fileRef = A7B719822866FA2800F8BB55 /* NetworkManager.swift */; };
		A7C0F93828622E0000324C4D /* AppDelegate.swift in Sources */ = {isa = PBXBuildFile; fileRef = A7C0F93728622E0000324C4D /* AppDelegate.swift */; };
		A7C0F93A28622E0000324C4D /* SceneDelegate.swift in Sources */ = {isa = PBXBuildFile; fileRef = A7C0F93928622E0000324C4D /* SceneDelegate.swift */; };
		A7C0F93F28622E0000324C4D /* Main.storyboard in Resources */ = {isa = PBXBuildFile; fileRef = A7C0F93D28622E0000324C4D /* Main.storyboard */; };
		A7C0F94128622E0200324C4D /* Assets.xcassets in Resources */ = {isa = PBXBuildFile; fileRef = A7C0F94028622E0200324C4D /* Assets.xcassets */; };
		A7C0F94428622E0200324C4D /* LaunchScreen.storyboard in Resources */ = {isa = PBXBuildFile; fileRef = A7C0F94228622E0200324C4D /* LaunchScreen.storyboard */; };
		A7C0F94C28622EF000324C4D /* HomeTabBarController.swift in Sources */ = {isa = PBXBuildFile; fileRef = A7C0F94B28622EF000324C4D /* HomeTabBarController.swift */; };
		A7E57D602864BE5A0051C82C /* AppsSearchController.swift in Sources */ = {isa = PBXBuildFile; fileRef = A7E57D5F2864BE5A0051C82C /* AppsSearchController.swift */; };
		A7E57D63286502180051C82C /* SearchResultCell.swift in Sources */ = {isa = PBXBuildFile; fileRef = A7E57D62286502180051C82C /* SearchResultCell.swift */; };
		A7E9D70228744AEA00A68B09 /* UILabel+Init.swift in Sources */ = {isa = PBXBuildFile; fileRef = A7E9D70128744AEA00A68B09 /* UILabel+Init.swift */; };
		A7E9D70528744C1500A68B09 /* UIImageView+Init.swift in Sources */ = {isa = PBXBuildFile; fileRef = A7E9D70428744C1500A68B09 /* UIImageView+Init.swift */; };
		A7E9D70728744C7700A68B09 /* UIButton+Init.swift in Sources */ = {isa = PBXBuildFile; fileRef = A7E9D70628744C7700A68B09 /* UIButton+Init.swift */; };
		A7E9D70928746C5300A68B09 /* AppsPageHeader.swift in Sources */ = {isa = PBXBuildFile; fileRef = A7E9D70828746C5300A68B09 /* AppsPageHeader.swift */; };
		A7E9D70B28746EA800A68B09 /* AppsHeaderHorizontalController.swift in Sources */ = {isa = PBXBuildFile; fileRef = A7E9D70A28746EA800A68B09 /* AppsHeaderHorizontalController.swift */; };
		A7E9D70D28746F2C00A68B09 /* AppHeaderCell.swift in Sources */ = {isa = PBXBuildFile; fileRef = A7E9D70C28746F2C00A68B09 /* AppHeaderCell.swift */; };
		A7EBDF532878AF72007ABE0B /* SocialApp.swift in Sources */ = {isa = PBXBuildFile; fileRef = A7EBDF522878AF72007ABE0B /* SocialApp.swift */; };
		A7F499482879F40700C67262 /* AppDetailController.swift in Sources */ = {isa = PBXBuildFile; fileRef = A7F499472879F40700C67262 /* AppDetailController.swift */; };
		A7FDE9792879832D00B5A9B9 /* HorizontalSnappingController.swift in Sources */ = {isa = PBXBuildFile; fileRef = A7FDE9782879832D00B5A9B9 /* HorizontalSnappingController.swift */; };
		A7FDE97B28798BAB00B5A9B9 /* SnappingLayout.swift in Sources */ = {isa = PBXBuildFile; fileRef = A7FDE97A28798BAB00B5A9B9 /* SnappingLayout.swift */; };
		A7FE7FFE2868D08100F7F5B9 /* Manager.swift in Sources */ = {isa = PBXBuildFile; fileRef = A7FE7FFD2868D08100F7F5B9 /* Manager.swift */; };
		A7FE80002868DAE500F7F5B9 /* ImageLoader.swift in Sources */ = {isa = PBXBuildFile; fileRef = A7FE7FFF2868DAE500F7F5B9 /* ImageLoader.swift */; };
		A7FF62CE287383BC00BEBA5F /* AppRowCell.swift in Sources */ = {isa = PBXBuildFile; fileRef = A7FF62CD287383BC00BEBA5F /* AppRowCell.swift */; };
		A7FF62D0287387FA00BEBA5F /* AppsHorizontalController.swift in Sources */ = {isa = PBXBuildFile; fileRef = A7FF62CF287387FA00BEBA5F /* AppsHorizontalController.swift */; };
		C0ECB1838F13210A94DD0155 /* Pods_AppStore.framework in Frameworks */ = {isa = PBXBuildFile; fileRef = 9B8C7D46B6E2A33A8F2FCD41 /* Pods_AppStore.framework */; };
/* End PBXBuildFile section */

/* Begin PBXFileReference section */
		158597E88AEE7CA514FF6600 /* Pods-AppStore.release.xcconfig */ = {isa = PBXFileReference; includeInIndex = 1; lastKnownFileType = text.xcconfig; name = "Pods-AppStore.release.xcconfig"; path = "Target Support Files/Pods-AppStore/Pods-AppStore.release.xcconfig"; sourceTree = "<group>"; };
		9B8C7D46B6E2A33A8F2FCD41 /* Pods_AppStore.framework */ = {isa = PBXFileReference; explicitFileType = wrapper.framework; includeInIndex = 0; path = Pods_AppStore.framework; sourceTree = BUILT_PRODUCTS_DIR; };
		A700F6322876EAA200BAD18F /* AppGroup.swift */ = {isa = PBXFileReference; lastKnownFileType = sourcecode.swift; path = AppGroup.swift; sourceTree = "<group>"; };
		A71ED43D28738B9D00EE1D9A /* BaseListController.swift */ = {isa = PBXFileReference; lastKnownFileType = sourcecode.swift; path = BaseListController.swift; sourceTree = "<group>"; };
		A73631E2286C31AD0048511F /* AppsPageController.swift */ = {isa = PBXFileReference; lastKnownFileType = sourcecode.swift; path = AppsPageController.swift; sourceTree = "<group>"; };
		A73631E6286C31EA0048511F /* AppsGroupCell.swift */ = {isa = PBXFileReference; lastKnownFileType = sourcecode.swift; path = AppsGroupCell.swift; sourceTree = "<group>"; };
		A7B719782866182400F8BB55 /* UIView+Layout.swift */ = {isa = PBXFileReference; fileEncoding = 4; lastKnownFileType = sourcecode.swift; path = "UIView+Layout.swift"; sourceTree = "<group>"; };
		A7B7197A2866440400F8BB55 /* VerticalStackView.swift */ = {isa = PBXFileReference; lastKnownFileType = sourcecode.swift; path = VerticalStackView.swift; sourceTree = "<group>"; };
		A7B7197C286648DF00F8BB55 /* HorizontalStackView.swift */ = {isa = PBXFileReference; lastKnownFileType = sourcecode.swift; path = HorizontalStackView.swift; sourceTree = "<group>"; };
		A7B7197F2866F8BE00F8BB55 /* SearchResult.swift */ = {isa = PBXFileReference; lastKnownFileType = sourcecode.swift; path = SearchResult.swift; sourceTree = "<group>"; };
		A7B719822866FA2800F8BB55 /* NetworkManager.swift */ = {isa = PBXFileReference; lastKnownFileType = sourcecode.swift; path = NetworkManager.swift; sourceTree = "<group>"; };
		A7C0F93428622E0000324C4D /* AppStore.app */ = {isa = PBXFileReference; explicitFileType = wrapper.application; includeInIndex = 0; path = AppStore.app; sourceTree = BUILT_PRODUCTS_DIR; };
		A7C0F93728622E0000324C4D /* AppDelegate.swift */ = {isa = PBXFileReference; lastKnownFileType = sourcecode.swift; path = AppDelegate.swift; sourceTree = "<group>"; };
		A7C0F93928622E0000324C4D /* SceneDelegate.swift */ = {isa = PBXFileReference; lastKnownFileType = sourcecode.swift; path = SceneDelegate.swift; sourceTree = "<group>"; };
		A7C0F93E28622E0000324C4D /* Base */ = {isa = PBXFileReference; lastKnownFileType = file.storyboard; name = Base; path = Base.lproj/Main.storyboard; sourceTree = "<group>"; };
		A7C0F94028622E0200324C4D /* Assets.xcassets */ = {isa = PBXFileReference; lastKnownFileType = folder.assetcatalog; path = Assets.xcassets; sourceTree = "<group>"; };
		A7C0F94328622E0200324C4D /* Base */ = {isa = PBXFileReference; lastKnownFileType = file.storyboard; name = Base; path = Base.lproj/LaunchScreen.storyboard; sourceTree = "<group>"; };
		A7C0F94528622E0200324C4D /* Info.plist */ = {isa = PBXFileReference; lastKnownFileType = text.plist.xml; path = Info.plist; sourceTree = "<group>"; };
		A7C0F94B28622EF000324C4D /* HomeTabBarController.swift */ = {isa = PBXFileReference; lastKnownFileType = sourcecode.swift; path = HomeTabBarController.swift; sourceTree = "<group>"; };
		A7E57D5F2864BE5A0051C82C /* AppsSearchController.swift */ = {isa = PBXFileReference; lastKnownFileType = sourcecode.swift; path = AppsSearchController.swift; sourceTree = "<group>"; };
		A7E57D62286502180051C82C /* SearchResultCell.swift */ = {isa = PBXFileReference; lastKnownFileType = sourcecode.swift; path = SearchResultCell.swift; sourceTree = "<group>"; };
		A7E9D70128744AEA00A68B09 /* UILabel+Init.swift */ = {isa = PBXFileReference; lastKnownFileType = sourcecode.swift; path = "UILabel+Init.swift"; sourceTree = "<group>"; };
		A7E9D70428744C1500A68B09 /* UIImageView+Init.swift */ = {isa = PBXFileReference; lastKnownFileType = sourcecode.swift; path = "UIImageView+Init.swift"; sourceTree = "<group>"; };
		A7E9D70628744C7700A68B09 /* UIButton+Init.swift */ = {isa = PBXFileReference; lastKnownFileType = sourcecode.swift; path = "UIButton+Init.swift"; sourceTree = "<group>"; };
		A7E9D70828746C5300A68B09 /* AppsPageHeader.swift */ = {isa = PBXFileReference; lastKnownFileType = sourcecode.swift; path = AppsPageHeader.swift; sourceTree = "<group>"; };
		A7E9D70A28746EA800A68B09 /* AppsHeaderHorizontalController.swift */ = {isa = PBXFileReference; lastKnownFileType = sourcecode.swift; path = AppsHeaderHorizontalController.swift; sourceTree = "<group>"; };
		A7E9D70C28746F2C00A68B09 /* AppHeaderCell.swift */ = {isa = PBXFileReference; lastKnownFileType = sourcecode.swift; path = AppHeaderCell.swift; sourceTree = "<group>"; };
		A7EBDF522878AF72007ABE0B /* SocialApp.swift */ = {isa = PBXFileReference; lastKnownFileType = sourcecode.swift; path = SocialApp.swift; sourceTree = "<group>"; };
		A7F499472879F40700C67262 /* AppDetailController.swift */ = {isa = PBXFileReference; lastKnownFileType = sourcecode.swift; path = AppDetailController.swift; sourceTree = "<group>"; };
		A7FDE9782879832D00B5A9B9 /* HorizontalSnappingController.swift */ = {isa = PBXFileReference; lastKnownFileType = sourcecode.swift; path = HorizontalSnappingController.swift; sourceTree = "<group>"; };
		A7FDE97A28798BAB00B5A9B9 /* SnappingLayout.swift */ = {isa = PBXFileReference; lastKnownFileType = sourcecode.swift; path = SnappingLayout.swift; sourceTree = "<group>"; };
		A7FE7FFD2868D08100F7F5B9 /* Manager.swift */ = {isa = PBXFileReference; lastKnownFileType = sourcecode.swift; path = Manager.swift; sourceTree = "<group>"; };
		A7FE7FFF2868DAE500F7F5B9 /* ImageLoader.swift */ = {isa = PBXFileReference; lastKnownFileType = sourcecode.swift; path = ImageLoader.swift; sourceTree = "<group>"; };
		A7FF62CD287383BC00BEBA5F /* AppRowCell.swift */ = {isa = PBXFileReference; lastKnownFileType = sourcecode.swift; path = AppRowCell.swift; sourceTree = "<group>"; };
		A7FF62CF287387FA00BEBA5F /* AppsHorizontalController.swift */ = {isa = PBXFileReference; lastKnownFileType = sourcecode.swift; path = AppsHorizontalController.swift; sourceTree = "<group>"; };
		FB24C7DB0AE5940EAF536DA8 /* Pods-AppStore.debug.xcconfig */ = {isa = PBXFileReference; includeInIndex = 1; lastKnownFileType = text.xcconfig; name = "Pods-AppStore.debug.xcconfig"; path = "Target Support Files/Pods-AppStore/Pods-AppStore.debug.xcconfig"; sourceTree = "<group>"; };
/* End PBXFileReference section */

/* Begin PBXFrameworksBuildPhase section */
		A7C0F93128622E0000324C4D /* Frameworks */ = {
			isa = PBXFrameworksBuildPhase;
			buildActionMask = 2147483647;
			files = (
				C0ECB1838F13210A94DD0155 /* Pods_AppStore.framework in Frameworks */,
			);
			runOnlyForDeploymentPostprocessing = 0;
		};
/* End PBXFrameworksBuildPhase section */

/* Begin PBXGroup section */
		25C5CE305BB227623F186231 /* Frameworks */ = {
			isa = PBXGroup;
			children = (
				9B8C7D46B6E2A33A8F2FCD41 /* Pods_AppStore.framework */,
			);
			name = Frameworks;
			sourceTree = "<group>";
		};
		4762876EF3304BD053C74F82 /* Pods */ = {
			isa = PBXGroup;
			children = (
				FB24C7DB0AE5940EAF536DA8 /* Pods-AppStore.debug.xcconfig */,
				158597E88AEE7CA514FF6600 /* Pods-AppStore.release.xcconfig */,
			);
			path = Pods;
			sourceTree = "<group>";
		};
		A700F6312876EA9300BAD18F /* Models */ = {
			isa = PBXGroup;
			children = (
				A700F6322876EAA200BAD18F /* AppGroup.swift */,
				A7EBDF522878AF72007ABE0B /* SocialApp.swift */,
			);
			path = Models;
			sourceTree = "<group>";
		};
		A73631DB286C30C50048511F /* Core */ = {
			isa = PBXGroup;
			children = (
				A7E57D5E2864BE1F0051C82C /* Controllers */,
				A7B719812866F94C00F8BB55 /* Managers */,
				A7B719772866181200F8BB55 /* Helpers */,
			);
			path = Core;
			sourceTree = "<group>";
		};
		A73631DE286C30E80048511F /* Search */ = {
			isa = PBXGroup;
			children = (
				A7B7197E2866F57600F8BB55 /* Models */,
				A73631E0286C31190048511F /* Controllers */,
				A73631DF286C31100048511F /* Views */,
			);
			path = Search;
			sourceTree = "<group>";
		};
		A73631DF286C31100048511F /* Views */ = {
			isa = PBXGroup;
			children = (
				A7E57D62286502180051C82C /* SearchResultCell.swift */,
			);
			path = Views;
			sourceTree = "<group>";
		};
		A73631E0286C31190048511F /* Controllers */ = {
			isa = PBXGroup;
			children = (
				A7E57D5F2864BE5A0051C82C /* AppsSearchController.swift */,
			);
			path = Controllers;
			sourceTree = "<group>";
		};
		A73631E1286C318F0048511F /* Apps */ = {
			isa = PBXGroup;
			children = (
				A7F499462879EED500C67262 /* Details */,
				A700F6312876EA9300BAD18F /* Models */,
				A73631E5286C31C40048511F /* Views */,
				A73631E4286C31BB0048511F /* Controllers */,
			);
			path = Apps;
			sourceTree = "<group>";
		};
		A73631E4286C31BB0048511F /* Controllers */ = {
			isa = PBXGroup;
			children = (
				A73631E2286C31AD0048511F /* AppsPageController.swift */,
				A7FF62CF287387FA00BEBA5F /* AppsHorizontalController.swift */,
				A7E9D70A28746EA800A68B09 /* AppsHeaderHorizontalController.swift */,
			);
			path = Controllers;
			sourceTree = "<group>";
		};
		A73631E5286C31C40048511F /* Views */ = {
			isa = PBXGroup;
			children = (
				A73631E6286C31EA0048511F /* AppsGroupCell.swift */,
				A7FF62CD287383BC00BEBA5F /* AppRowCell.swift */,
				A7E9D70828746C5300A68B09 /* AppsPageHeader.swift */,
				A7E9D70C28746F2C00A68B09 /* AppHeaderCell.swift */,
			);
			path = Views;
			sourceTree = "<group>";
		};
		A7B719772866181200F8BB55 /* Helpers */ = {
			isa = PBXGroup;
			children = (
				A7E9D70328744B7E00A68B09 /* Extensions */,
				A7B7197A2866440400F8BB55 /* VerticalStackView.swift */,
				A7B7197C286648DF00F8BB55 /* HorizontalStackView.swift */,
				A7FE7FFF2868DAE500F7F5B9 /* ImageLoader.swift */,
				A7FDE97A28798BAB00B5A9B9 /* SnappingLayout.swift */,
			);
			path = Helpers;
			sourceTree = "<group>";
		};
		A7B7197E2866F57600F8BB55 /* Models */ = {
			isa = PBXGroup;
			children = (
				A7B7197F2866F8BE00F8BB55 /* SearchResult.swift */,
			);
			path = Models;
			sourceTree = "<group>";
		};
		A7B719812866F94C00F8BB55 /* Managers */ = {
			isa = PBXGroup;
			children = (
				A7FE7FFD2868D08100F7F5B9 /* Manager.swift */,
				A7B719822866FA2800F8BB55 /* NetworkManager.swift */,
			);
			path = Managers;
			sourceTree = "<group>";
		};
		A7C0F92B28622E0000324C4D = {
			isa = PBXGroup;
			children = (
				A7C0F93628622E0000324C4D /* AppStore */,
				A7C0F93528622E0000324C4D /* Products */,
				4762876EF3304BD053C74F82 /* Pods */,
				25C5CE305BB227623F186231 /* Frameworks */,
			);
			sourceTree = "<group>";
		};
		A7C0F93528622E0000324C4D /* Products */ = {
			isa = PBXGroup;
			children = (
				A7C0F93428622E0000324C4D /* AppStore.app */,
			);
			name = Products;
			sourceTree = "<group>";
		};
		A7C0F93628622E0000324C4D /* AppStore */ = {
			isa = PBXGroup;
			children = (
				A73631DB286C30C50048511F /* Core */,
				A73631DE286C30E80048511F /* Search */,
				A73631E1286C318F0048511F /* Apps */,
				A7C0F93728622E0000324C4D /* AppDelegate.swift */,
				A7C0F93928622E0000324C4D /* SceneDelegate.swift */,
				A7C0F93D28622E0000324C4D /* Main.storyboard */,
				A7C0F94028622E0200324C4D /* Assets.xcassets */,
				A7C0F94228622E0200324C4D /* LaunchScreen.storyboard */,
				A7C0F94528622E0200324C4D /* Info.plist */,
			);
			path = AppStore;
			sourceTree = "<group>";
		};
		A7E57D5E2864BE1F0051C82C /* Controllers */ = {
			isa = PBXGroup;
			children = (
				A7C0F94B28622EF000324C4D /* HomeTabBarController.swift */,
				A71ED43D28738B9D00EE1D9A /* BaseListController.swift */,
				A7FDE9782879832D00B5A9B9 /* HorizontalSnappingController.swift */,
			);
			path = Controllers;
			sourceTree = "<group>";
		};
		A7E9D70328744B7E00A68B09 /* Extensions */ = {
			isa = PBXGroup;
			children = (
				A7E9D70128744AEA00A68B09 /* UILabel+Init.swift */,
				A7B719782866182400F8BB55 /* UIView+Layout.swift */,
				A7E9D70428744C1500A68B09 /* UIImageView+Init.swift */,
				A7E9D70628744C7700A68B09 /* UIButton+Init.swift */,
			);
			path = Extensions;
			sourceTree = "<group>";
		};
		A7F499462879EED500C67262 /* Details */ = {
			isa = PBXGroup;
			children = (
				A7F499472879F40700C67262 /* AppDetailController.swift */,
			);
			path = Details;
			sourceTree = "<group>";
		};
/* End PBXGroup section */

/* Begin PBXNativeTarget section */
		A7C0F93328622E0000324C4D /* AppStore */ = {
			isa = PBXNativeTarget;
			buildConfigurationList = A7C0F94828622E0200324C4D /* Build configuration list for PBXNativeTarget "AppStore" */;
			buildPhases = (
				62989A052D5C176B765103D2 /* [CP] Check Pods Manifest.lock */,
				A7C0F93028622E0000324C4D /* Sources */,
				A7C0F93128622E0000324C4D /* Frameworks */,
				A7C0F93228622E0000324C4D /* Resources */,
				D715D3208F3F645ED59BF8EF /* [CP] Embed Pods Frameworks */,
			);
			buildRules = (
			);
			dependencies = (
			);
			name = AppStore;
			productName = AppStore;
			productReference = A7C0F93428622E0000324C4D /* AppStore.app */;
			productType = "com.apple.product-type.application";
		};
/* End PBXNativeTarget section */

/* Begin PBXProject section */
		A7C0F92C28622E0000324C4D /* Project object */ = {
			isa = PBXProject;
			attributes = {
				BuildIndependentTargetsInParallel = 1;
				LastSwiftUpdateCheck = 1340;
				LastUpgradeCheck = 1340;
				TargetAttributes = {
					A7C0F93328622E0000324C4D = {
						CreatedOnToolsVersion = 13.4.1;
					};
				};
			};
			buildConfigurationList = A7C0F92F28622E0000324C4D /* Build configuration list for PBXProject "AppStore" */;
			compatibilityVersion = "Xcode 13.0";
			developmentRegion = en;
			hasScannedForEncodings = 0;
			knownRegions = (
				en,
				Base,
			);
			mainGroup = A7C0F92B28622E0000324C4D;
			productRefGroup = A7C0F93528622E0000324C4D /* Products */;
			projectDirPath = "";
			projectRoot = "";
			targets = (
				A7C0F93328622E0000324C4D /* AppStore */,
			);
		};
/* End PBXProject section */

/* Begin PBXResourcesBuildPhase section */
		A7C0F93228622E0000324C4D /* Resources */ = {
			isa = PBXResourcesBuildPhase;
			buildActionMask = 2147483647;
			files = (
				A7C0F94428622E0200324C4D /* LaunchScreen.storyboard in Resources */,
				A7C0F94128622E0200324C4D /* Assets.xcassets in Resources */,
				A7C0F93F28622E0000324C4D /* Main.storyboard in Resources */,
			);
			runOnlyForDeploymentPostprocessing = 0;
		};
/* End PBXResourcesBuildPhase section */

/* Begin PBXShellScriptBuildPhase section */
		62989A052D5C176B765103D2 /* [CP] Check Pods Manifest.lock */ = {
			isa = PBXShellScriptBuildPhase;
			buildActionMask = 2147483647;
			files = (
			);
			inputFileListPaths = (
			);
			inputPaths = (
				"${PODS_PODFILE_DIR_PATH}/Podfile.lock",
				"${PODS_ROOT}/Manifest.lock",
			);
			name = "[CP] Check Pods Manifest.lock";
			outputFileListPaths = (
			);
			outputPaths = (
				"$(DERIVED_FILE_DIR)/Pods-AppStore-checkManifestLockResult.txt",
			);
			runOnlyForDeploymentPostprocessing = 0;
			shellPath = /bin/sh;
			shellScript = "diff \"${PODS_PODFILE_DIR_PATH}/Podfile.lock\" \"${PODS_ROOT}/Manifest.lock\" > /dev/null\nif [ $? != 0 ] ; then\n    # print error to STDERR\n    echo \"error: The sandbox is not in sync with the Podfile.lock. Run 'pod install' or update your CocoaPods installation.\" >&2\n    exit 1\nfi\n# This output is used by Xcode 'outputs' to avoid re-running this script phase.\necho \"SUCCESS\" > \"${SCRIPT_OUTPUT_FILE_0}\"\n";
			showEnvVarsInLog = 0;
		};
		D715D3208F3F645ED59BF8EF /* [CP] Embed Pods Frameworks */ = {
			isa = PBXShellScriptBuildPhase;
			buildActionMask = 2147483647;
			files = (
			);
			inputFileListPaths = (
				"${PODS_ROOT}/Target Support Files/Pods-AppStore/Pods-AppStore-frameworks-${CONFIGURATION}-input-files.xcfilelist",
			);
			name = "[CP] Embed Pods Frameworks";
			outputFileListPaths = (
				"${PODS_ROOT}/Target Support Files/Pods-AppStore/Pods-AppStore-frameworks-${CONFIGURATION}-output-files.xcfilelist",
			);
			runOnlyForDeploymentPostprocessing = 0;
			shellPath = /bin/sh;
			shellScript = "\"${PODS_ROOT}/Target Support Files/Pods-AppStore/Pods-AppStore-frameworks.sh\"\n";
			showEnvVarsInLog = 0;
		};
/* End PBXShellScriptBuildPhase section */

/* Begin PBXSourcesBuildPhase section */
		A7C0F93028622E0000324C4D /* Sources */ = {
			isa = PBXSourcesBuildPhase;
			buildActionMask = 2147483647;
			files = (
				A7F499482879F40700C67262 /* AppDetailController.swift in Sources */,
				A7FF62CE287383BC00BEBA5F /* AppRowCell.swift in Sources */,
				A7C0F93828622E0000324C4D /* AppDelegate.swift in Sources */,
				A7E9D70228744AEA00A68B09 /* UILabel+Init.swift in Sources */,
				A7B719792866182400F8BB55 /* UIView+Layout.swift in Sources */,
				A7FDE97B28798BAB00B5A9B9 /* SnappingLayout.swift in Sources */,
				A7E9D70528744C1500A68B09 /* UIImageView+Init.swift in Sources */,
				A7FF62D0287387FA00BEBA5F /* AppsHorizontalController.swift in Sources */,
				A7FE80002868DAE500F7F5B9 /* ImageLoader.swift in Sources */,
				A7FDE9792879832D00B5A9B9 /* HorizontalSnappingController.swift in Sources */,
				A700F6332876EAA200BAD18F /* AppGroup.swift in Sources */,
				A7B719832866FA2800F8BB55 /* NetworkManager.swift in Sources */,
				A7C0F94C28622EF000324C4D /* HomeTabBarController.swift in Sources */,
				A7B719802866F8BE00F8BB55 /* SearchResult.swift in Sources */,
				A7E9D70B28746EA800A68B09 /* AppsHeaderHorizontalController.swift in Sources */,
				A7E57D602864BE5A0051C82C /* AppsSearchController.swift in Sources */,
				A7E9D70728744C7700A68B09 /* UIButton+Init.swift in Sources */,
				A7E9D70928746C5300A68B09 /* AppsPageHeader.swift in Sources */,
				A7E57D63286502180051C82C /* SearchResultCell.swift in Sources */,
				A73631E3286C31AD0048511F /* AppsPageController.swift in Sources */,
				A7EBDF532878AF72007ABE0B /* SocialApp.swift in Sources */,
				A7C0F93A28622E0000324C4D /* SceneDelegate.swift in Sources */,
				A71ED43E28738B9D00EE1D9A /* BaseListController.swift in Sources */,
				A7E9D70D28746F2C00A68B09 /* AppHeaderCell.swift in Sources */,
				A7FE7FFE2868D08100F7F5B9 /* Manager.swift in Sources */,
				A7B7197B2866440400F8BB55 /* VerticalStackView.swift in Sources */,
				A73631E7286C31EA0048511F /* AppsGroupCell.swift in Sources */,
				A7B7197D286648DF00F8BB55 /* HorizontalStackView.swift in Sources */,
			);
			runOnlyForDeploymentPostprocessing = 0;
		};
/* End PBXSourcesBuildPhase section */

/* Begin PBXVariantGroup section */
		A7C0F93D28622E0000324C4D /* Main.storyboard */ = {
			isa = PBXVariantGroup;
			children = (
				A7C0F93E28622E0000324C4D /* Base */,
			);
			name = Main.storyboard;
			sourceTree = "<group>";
		};
		A7C0F94228622E0200324C4D /* LaunchScreen.storyboard */ = {
			isa = PBXVariantGroup;
			children = (
				A7C0F94328622E0200324C4D /* Base */,
			);
			name = LaunchScreen.storyboard;
			sourceTree = "<group>";
		};
/* End PBXVariantGroup section */

/* Begin XCBuildConfiguration section */
		A7C0F94628622E0200324C4D /* Debug */ = {
			isa = XCBuildConfiguration;
			buildSettings = {
				ALWAYS_SEARCH_USER_PATHS = NO;
				CLANG_ANALYZER_NONNULL = YES;
				CLANG_ANALYZER_NUMBER_OBJECT_CONVERSION = YES_AGGRESSIVE;
				CLANG_CXX_LANGUAGE_STANDARD = "gnu++17";
				CLANG_ENABLE_MODULES = YES;
				CLANG_ENABLE_OBJC_ARC = YES;
				CLANG_ENABLE_OBJC_WEAK = YES;
				CLANG_WARN_BLOCK_CAPTURE_AUTORELEASING = YES;
				CLANG_WARN_BOOL_CONVERSION = YES;
				CLANG_WARN_COMMA = YES;
				CLANG_WARN_CONSTANT_CONVERSION = YES;
				CLANG_WARN_DEPRECATED_OBJC_IMPLEMENTATIONS = YES;
				CLANG_WARN_DIRECT_OBJC_ISA_USAGE = YES_ERROR;
				CLANG_WARN_DOCUMENTATION_COMMENTS = YES;
				CLANG_WARN_EMPTY_BODY = YES;
				CLANG_WARN_ENUM_CONVERSION = YES;
				CLANG_WARN_INFINITE_RECURSION = YES;
				CLANG_WARN_INT_CONVERSION = YES;
				CLANG_WARN_NON_LITERAL_NULL_CONVERSION = YES;
				CLANG_WARN_OBJC_IMPLICIT_RETAIN_SELF = YES;
				CLANG_WARN_OBJC_LITERAL_CONVERSION = YES;
				CLANG_WARN_OBJC_ROOT_CLASS = YES_ERROR;
				CLANG_WARN_QUOTED_INCLUDE_IN_FRAMEWORK_HEADER = YES;
				CLANG_WARN_RANGE_LOOP_ANALYSIS = YES;
				CLANG_WARN_STRICT_PROTOTYPES = YES;
				CLANG_WARN_SUSPICIOUS_MOVE = YES;
				CLANG_WARN_UNGUARDED_AVAILABILITY = YES_AGGRESSIVE;
				CLANG_WARN_UNREACHABLE_CODE = YES;
				CLANG_WARN__DUPLICATE_METHOD_MATCH = YES;
				COPY_PHASE_STRIP = NO;
				DEBUG_INFORMATION_FORMAT = dwarf;
				ENABLE_STRICT_OBJC_MSGSEND = YES;
				ENABLE_TESTABILITY = YES;
				GCC_C_LANGUAGE_STANDARD = gnu11;
				GCC_DYNAMIC_NO_PIC = NO;
				GCC_NO_COMMON_BLOCKS = YES;
				GCC_OPTIMIZATION_LEVEL = 0;
				GCC_PREPROCESSOR_DEFINITIONS = (
					"DEBUG=1",
					"$(inherited)",
				);
				GCC_WARN_64_TO_32_BIT_CONVERSION = YES;
				GCC_WARN_ABOUT_RETURN_TYPE = YES_ERROR;
				GCC_WARN_UNDECLARED_SELECTOR = YES;
				GCC_WARN_UNINITIALIZED_AUTOS = YES_AGGRESSIVE;
				GCC_WARN_UNUSED_FUNCTION = YES;
				GCC_WARN_UNUSED_VARIABLE = YES;
				IPHONEOS_DEPLOYMENT_TARGET = 15.5;
				MTL_ENABLE_DEBUG_INFO = INCLUDE_SOURCE;
				MTL_FAST_MATH = YES;
				ONLY_ACTIVE_ARCH = YES;
				SDKROOT = iphoneos;
				SWIFT_ACTIVE_COMPILATION_CONDITIONS = DEBUG;
				SWIFT_OPTIMIZATION_LEVEL = "-Onone";
			};
			name = Debug;
		};
		A7C0F94728622E0200324C4D /* Release */ = {
			isa = XCBuildConfiguration;
			buildSettings = {
				ALWAYS_SEARCH_USER_PATHS = NO;
				CLANG_ANALYZER_NONNULL = YES;
				CLANG_ANALYZER_NUMBER_OBJECT_CONVERSION = YES_AGGRESSIVE;
				CLANG_CXX_LANGUAGE_STANDARD = "gnu++17";
				CLANG_ENABLE_MODULES = YES;
				CLANG_ENABLE_OBJC_ARC = YES;
				CLANG_ENABLE_OBJC_WEAK = YES;
				CLANG_WARN_BLOCK_CAPTURE_AUTORELEASING = YES;
				CLANG_WARN_BOOL_CONVERSION = YES;
				CLANG_WARN_COMMA = YES;
				CLANG_WARN_CONSTANT_CONVERSION = YES;
				CLANG_WARN_DEPRECATED_OBJC_IMPLEMENTATIONS = YES;
				CLANG_WARN_DIRECT_OBJC_ISA_USAGE = YES_ERROR;
				CLANG_WARN_DOCUMENTATION_COMMENTS = YES;
				CLANG_WARN_EMPTY_BODY = YES;
				CLANG_WARN_ENUM_CONVERSION = YES;
				CLANG_WARN_INFINITE_RECURSION = YES;
				CLANG_WARN_INT_CONVERSION = YES;
				CLANG_WARN_NON_LITERAL_NULL_CONVERSION = YES;
				CLANG_WARN_OBJC_IMPLICIT_RETAIN_SELF = YES;
				CLANG_WARN_OBJC_LITERAL_CONVERSION = YES;
				CLANG_WARN_OBJC_ROOT_CLASS = YES_ERROR;
				CLANG_WARN_QUOTED_INCLUDE_IN_FRAMEWORK_HEADER = YES;
				CLANG_WARN_RANGE_LOOP_ANALYSIS = YES;
				CLANG_WARN_STRICT_PROTOTYPES = YES;
				CLANG_WARN_SUSPICIOUS_MOVE = YES;
				CLANG_WARN_UNGUARDED_AVAILABILITY = YES_AGGRESSIVE;
				CLANG_WARN_UNREACHABLE_CODE = YES;
				CLANG_WARN__DUPLICATE_METHOD_MATCH = YES;
				COPY_PHASE_STRIP = NO;
				DEBUG_INFORMATION_FORMAT = "dwarf-with-dsym";
				ENABLE_NS_ASSERTIONS = NO;
				ENABLE_STRICT_OBJC_MSGSEND = YES;
				GCC_C_LANGUAGE_STANDARD = gnu11;
				GCC_NO_COMMON_BLOCKS = YES;
				GCC_WARN_64_TO_32_BIT_CONVERSION = YES;
				GCC_WARN_ABOUT_RETURN_TYPE = YES_ERROR;
				GCC_WARN_UNDECLARED_SELECTOR = YES;
				GCC_WARN_UNINITIALIZED_AUTOS = YES_AGGRESSIVE;
				GCC_WARN_UNUSED_FUNCTION = YES;
				GCC_WARN_UNUSED_VARIABLE = YES;
				IPHONEOS_DEPLOYMENT_TARGET = 15.5;
				MTL_ENABLE_DEBUG_INFO = NO;
				MTL_FAST_MATH = YES;
				SDKROOT = iphoneos;
				SWIFT_COMPILATION_MODE = wholemodule;
				SWIFT_OPTIMIZATION_LEVEL = "-O";
				VALIDATE_PRODUCT = YES;
			};
			name = Release;
		};
		A7C0F94928622E0200324C4D /* Debug */ = {
			isa = XCBuildConfiguration;
			baseConfigurationReference = FB24C7DB0AE5940EAF536DA8 /* Pods-AppStore.debug.xcconfig */;
			buildSettings = {
				ASSETCATALOG_COMPILER_APPICON_NAME = AppIcon;
				ASSETCATALOG_COMPILER_GLOBAL_ACCENT_COLOR_NAME = AccentColor;
				CODE_SIGN_STYLE = Automatic;
				CURRENT_PROJECT_VERSION = 1;
				DEVELOPMENT_TEAM = WMWSB972VT;
				GENERATE_INFOPLIST_FILE = YES;
				INFOPLIST_FILE = AppStore/Info.plist;
				INFOPLIST_KEY_UIApplicationSupportsIndirectInputEvents = YES;
				INFOPLIST_KEY_UILaunchStoryboardName = LaunchScreen;
				INFOPLIST_KEY_UISupportedInterfaceOrientations_iPad = "UIInterfaceOrientationPortrait UIInterfaceOrientationPortraitUpsideDown UIInterfaceOrientationLandscapeLeft UIInterfaceOrientationLandscapeRight";
				INFOPLIST_KEY_UISupportedInterfaceOrientations_iPhone = "UIInterfaceOrientationPortrait UIInterfaceOrientationLandscapeLeft UIInterfaceOrientationLandscapeRight";
				IPHONEOS_DEPLOYMENT_TARGET = 15.5;
				LD_RUNPATH_SEARCH_PATHS = (
					"$(inherited)",
					"@executable_path/Frameworks",
				);
				MARKETING_VERSION = 1.0;
				PRODUCT_BUNDLE_IDENTIFIER = com.antigluten.AppStoreClone;
				PRODUCT_NAME = "$(TARGET_NAME)";
				SWIFT_EMIT_LOC_STRINGS = YES;
				SWIFT_VERSION = 5.0;
				TARGETED_DEVICE_FAMILY = "1,2";
			};
			name = Debug;
		};
		A7C0F94A28622E0200324C4D /* Release */ = {
			isa = XCBuildConfiguration;
			baseConfigurationReference = 158597E88AEE7CA514FF6600 /* Pods-AppStore.release.xcconfig */;
			buildSettings = {
				ASSETCATALOG_COMPILER_APPICON_NAME = AppIcon;
				ASSETCATALOG_COMPILER_GLOBAL_ACCENT_COLOR_NAME = AccentColor;
				CODE_SIGN_STYLE = Automatic;
				CURRENT_PROJECT_VERSION = 1;
				DEVELOPMENT_TEAM = WMWSB972VT;
				GENERATE_INFOPLIST_FILE = YES;
				INFOPLIST_FILE = AppStore/Info.plist;
				INFOPLIST_KEY_UIApplicationSupportsIndirectInputEvents = YES;
				INFOPLIST_KEY_UILaunchStoryboardName = LaunchScreen;
				INFOPLIST_KEY_UISupportedInterfaceOrientations_iPad = "UIInterfaceOrientationPortrait UIInterfaceOrientationPortraitUpsideDown UIInterfaceOrientationLandscapeLeft UIInterfaceOrientationLandscapeRight";
				INFOPLIST_KEY_UISupportedInterfaceOrientations_iPhone = "UIInterfaceOrientationPortrait UIInterfaceOrientationLandscapeLeft UIInterfaceOrientationLandscapeRight";
				IPHONEOS_DEPLOYMENT_TARGET = 15.5;
				LD_RUNPATH_SEARCH_PATHS = (
					"$(inherited)",
					"@executable_path/Frameworks",
				);
				MARKETING_VERSION = 1.0;
				PRODUCT_BUNDLE_IDENTIFIER = com.antigluten.AppStoreClone;
				PRODUCT_NAME = "$(TARGET_NAME)";
				SWIFT_EMIT_LOC_STRINGS = YES;
				SWIFT_VERSION = 5.0;
				TARGETED_DEVICE_FAMILY = "1,2";
			};
			name = Release;
		};
/* End XCBuildConfiguration section */

/* Begin XCConfigurationList section */
		A7C0F92F28622E0000324C4D /* Build configuration list for PBXProject "AppStore" */ = {
			isa = XCConfigurationList;
			buildConfigurations = (
				A7C0F94628622E0200324C4D /* Debug */,
				A7C0F94728622E0200324C4D /* Release */,
			);
			defaultConfigurationIsVisible = 0;
			defaultConfigurationName = Release;
		};
		A7C0F94828622E0200324C4D /* Build configuration list for PBXNativeTarget "AppStore" */ = {
			isa = XCConfigurationList;
			buildConfigurations = (
				A7C0F94928622E0200324C4D /* Debug */,
				A7C0F94A28622E0200324C4D /* Release */,
			);
			defaultConfigurationIsVisible = 0;
			defaultConfigurationName = Release;
		};
/* End XCConfigurationList section */
	};
	rootObject = A7C0F92C28622E0000324C4D /* Project object */;
}
